{
  "name": "unminer",
  "version": "0.0.1",
  "lockfileVersion": 1,
  "requires": true,
  "dependencies": {
    "p5": {
      "version": "0.7.1",
      "resolved": "https://registry.npmjs.org/p5/-/p5-0.7.1.tgz",
      "integrity": "sha512-8/bB0k7iR5UxR9QhmqIIFIIZ45WCxxKm15ns0iR3wnV3o6skyiNrcW+mF1DO6HsouSDayR2/70IyDwUZE/2YDQ=="
    }
  }
}
